
Microsoft Visual Studio Solution File, Format Version 12.00
# Visual Studio Version 16
VisualStudioVersion = 16.0.30907.101
MinimumVisualStudioVersion = 10.0.40219.1
Project("{9A19103F-16F7-4668-BE54-9A1E7A4F7556}") = "HomeWorkOne", "MyFirstConsoleApp\HomeWorkOne.csproj", "{65D868E9-BD9F-4A9E-8E4C-E8A098444358}"
EndProject
Project("{FAE04EC0-301F-11D3-BF4B-00C04F79EFBC}") = "HomeWorkTwo", "BlackJack\HomeWorkTwo.csproj", "{608444E7-D2AA-47F0-9C02-BDA0F1ED6E80}"
EndProject
Global
	GlobalSection(SolutionConfigurationPlatforms) = preSolution
		Debug|Any CPU = Debug|Any CPU
		Release|Any CPU = Release|Any CPU
	EndGlobalSection
	GlobalSection(ProjectConfigurationPlatforms) = postSolution
		{65D868E9-BD9F-4A9E-8E4C-E8A098444358}.Debug|Any CPU.ActiveCfg = Debug|Any CPU
		{65D868E9-BD9F-4A9E-8E4C-E8A098444358}.Debug|Any CPU.Build.0 = Debug|Any CPU
		{65D868E9-BD9F-4A9E-8E4C-E8A098444358}.Release|Any CPU.ActiveCfg = Release|Any CPU
		{65D868E9-BD9F-4A9E-8E4C-E8A098444358}.Release|Any CPU.Build.0 = Release|Any CPU
		{608444E7-D2AA-47F0-9C02-BDA0F1ED6E80}.Debug|Any CPU.ActiveCfg = Debug|Any CPU
		{608444E7-D2AA-47F0-9C02-BDA0F1ED6E80}.Debug|Any CPU.Build.0 = Debug|Any CPU
		{608444E7-D2AA-47F0-9C02-BDA0F1ED6E80}.Release|Any CPU.ActiveCfg = Release|Any CPU
		{608444E7-D2AA-47F0-9C02-BDA0F1ED6E80}.Release|Any CPU.Build.0 = Release|Any CPU
	EndGlobalSection
	GlobalSection(SolutionProperties) = preSolution
		HideSolutionNode = FALSE
	EndGlobalSection
	GlobalSection(ExtensibilityGlobals) = postSolution
		SolutionGuid = {AD07EBF1-7BF9-4B3E-86FE-8B4702840CE1}
	EndGlobalSection
EndGlobal
